
Microsoft Visual Studio Solution File, Format Version 12.00
Project("{FAE04EC0-301F-11D3-BF4B-00C04F79EFBC}") = "Day01", "Day01\Day01.csproj", "{DEF91768-0DBA-4512-817F-0ADF21B2F70E}"
EndProject
Project("{FAE04EC0-301F-11D3-BF4B-00C04F79EFBC}") = "Day02", "Day02\Day02.csproj", "{4940DE7D-57F4-49D0-872F-5E3071A06B86}"
EndProject
Global
	GlobalSection(SolutionConfigurationPlatforms) = preSolution
		Debug|Any CPU = Debug|Any CPU
		Release|Any CPU = Release|Any CPU
	EndGlobalSection
	GlobalSection(ProjectConfigurationPlatforms) = postSolution
		{DEF91768-0DBA-4512-817F-0ADF21B2F70E}.Debug|Any CPU.ActiveCfg = Debug|Any CPU
		{DEF91768-0DBA-4512-817F-0ADF21B2F70E}.Debug|Any CPU.Build.0 = Debug|Any CPU
		{DEF91768-0DBA-4512-817F-0ADF21B2F70E}.Release|Any CPU.ActiveCfg = Release|Any CPU
		{DEF91768-0DBA-4512-817F-0ADF21B2F70E}.Release|Any CPU.Build.0 = Release|Any CPU
		{4940DE7D-57F4-49D0-872F-5E3071A06B86}.Debug|Any CPU.ActiveCfg = Debug|Any CPU
		{4940DE7D-57F4-49D0-872F-5E3071A06B86}.Debug|Any CPU.Build.0 = Debug|Any CPU
		{4940DE7D-57F4-49D0-872F-5E3071A06B86}.Release|Any CPU.ActiveCfg = Release|Any CPU
		{4940DE7D-57F4-49D0-872F-5E3071A06B86}.Release|Any CPU.Build.0 = Release|Any CPU
	EndGlobalSection
EndGlobal
